
Microsoft Visual Studio Solution File, Format Version 12.00
# Visual Studio Version 16
VisualStudioVersion = 16.0.31729.503
MinimumVisualStudioVersion = 10.0.40219.1
Project("{FAE04EC0-301F-11D3-BF4B-00C04F79EFBC}") = "OOP-Project", "OOP-Project\OOP-Project.csproj", "{B128D06D-B22E-4231-8814-F836AD221C86}"
EndProject
Global
	GlobalSection(SolutionConfigurationPlatforms) = preSolution
		Debug|Any CPU = Debug|Any CPU
		Release|Any CPU = Release|Any CPU
	EndGlobalSection
	GlobalSection(ProjectConfigurationPlatforms) = postSolution
		{B128D06D-B22E-4231-8814-F836AD221C86}.Debug|Any CPU.ActiveCfg = Debug|Any CPU
		{B128D06D-B22E-4231-8814-F836AD221C86}.Debug|Any CPU.Build.0 = Debug|Any CPU
		{B128D06D-B22E-4231-8814-F836AD221C86}.Release|Any CPU.ActiveCfg = Release|Any CPU
		{B128D06D-B22E-4231-8814-F836AD221C86}.Release|Any CPU.Build.0 = Release|Any CPU
	EndGlobalSection
	GlobalSection(SolutionProperties) = preSolution
		HideSolutionNode = FALSE
	EndGlobalSection
	GlobalSection(ExtensibilityGlobals) = postSolution
		SolutionGuid = {027170F7-6A2B-4C0D-87A8-474ED022AD6E}
	EndGlobalSection
EndGlobal
